
Microsoft Visual Studio Solution File, Format Version 12.00
# Visual Studio Version 17
VisualStudioVersion = 17.5.33424.131
MinimumVisualStudioVersion = 10.0.40219.1
Project("{9A19103F-16F7-4668-BE54-9A1E7A4F7556}") = "AIWorld", "AIWorld\AIWorld.csproj", "{CD14B9F2-4C96-4861-925C-B8831BAA7D80}"
EndProject
Project("{FAE04EC0-301F-11D3-BF4B-00C04F79EFBC}") = "AIWorldTests", "AIWorldTests\AIWorldTests.csproj", "{7687C0F1-566F-4D81-80F7-C2898FADD828}"
EndProject
Global
	GlobalSection(SolutionConfigurationPlatforms) = preSolution
		Debug|Any CPU = Debug|Any CPU
		Release|Any CPU = Release|Any CPU
	EndGlobalSection
	GlobalSection(ProjectConfigurationPlatforms) = postSolution
		{CD14B9F2-4C96-4861-925C-B8831BAA7D80}.Debug|Any CPU.ActiveCfg = Debug|Any CPU
		{CD14B9F2-4C96-4861-925C-B8831BAA7D80}.Debug|Any CPU.Build.0 = Debug|Any CPU
		{CD14B9F2-4C96-4861-925C-B8831BAA7D80}.Release|Any CPU.ActiveCfg = Release|Any CPU
		{CD14B9F2-4C96-4861-925C-B8831BAA7D80}.Release|Any CPU.Build.0 = Release|Any CPU
		{7687C0F1-566F-4D81-80F7-C2898FADD828}.Debug|Any CPU.ActiveCfg = Debug|Any CPU
		{7687C0F1-566F-4D81-80F7-C2898FADD828}.Debug|Any CPU.Build.0 = Debug|Any CPU
		{7687C0F1-566F-4D81-80F7-C2898FADD828}.Release|Any CPU.ActiveCfg = Release|Any CPU
		{7687C0F1-566F-4D81-80F7-C2898FADD828}.Release|Any CPU.Build.0 = Release|Any CPU
	EndGlobalSection
	GlobalSection(SolutionProperties) = preSolution
		HideSolutionNode = FALSE
	EndGlobalSection
	GlobalSection(ExtensibilityGlobals) = postSolution
		SolutionGuid = {630B378C-B7AE-4A7E-B955-711C9F5E436A}
	EndGlobalSection
EndGlobal
